// !$*UTF8*$!
{
	archiveVersion = 1;
	classes = {
	};
	objectVersion = 50;
	objects = {

/* Begin PBXBuildFile section */
		8F28F0FA2106FBA3009D4CD1 /* AppDelegate.swift in Sources */ = {isa = PBXBuildFile; fileRef = 8F28F0F92106FBA3009D4CD1 /* AppDelegate.swift */; };
		8F28F0FC2106FBA3009D4CD1 /* ViewController.swift in Sources */ = {isa = PBXBuildFile; fileRef = 8F28F0FB2106FBA3009D4CD1 /* ViewController.swift */; };
		8F28F0FF2106FBA3009D4CD1 /* Main.storyboard in Resources */ = {isa = PBXBuildFile; fileRef = 8F28F0FD2106FBA3009D4CD1 /* Main.storyboard */; };
		8F28F1022106FBA3009D4CD1 /* My_Test.xcdatamodeld in Sources */ = {isa = PBXBuildFile; fileRef = 8F28F1002106FBA3009D4CD1 /* My_Test.xcdatamodeld */; };
		8F28F1042106FBA7009D4CD1 /* Assets.xcassets in Resources */ = {isa = PBXBuildFile; fileRef = 8F28F1032106FBA7009D4CD1 /* Assets.xcassets */; };
		8F28F1072106FBA7009D4CD1 /* LaunchScreen.storyboard in Resources */ = {isa = PBXBuildFile; fileRef = 8F28F1052106FBA7009D4CD1 /* LaunchScreen.storyboard */; };
		8F28F1122106FBA7009D4CD1 /* My_TestTests.swift in Sources */ = {isa = PBXBuildFile; fileRef = 8F28F1112106FBA7009D4CD1 /* My_TestTests.swift */; };
		8F28F11D2106FBA7009D4CD1 /* My_TestUITests.swift in Sources */ = {isa = PBXBuildFile; fileRef = 8F28F11C2106FBA7009D4CD1 /* My_TestUITests.swift */; };
/* End PBXBuildFile section */

/* Begin PBXContainerItemProxy section */
		8F28F10E2106FBA7009D4CD1 /* PBXContainerItemProxy */ = {
			isa = PBXContainerItemProxy;
			containerPortal = 8F28F0EE2106FBA3009D4CD1 /* Project object */;
			proxyType = 1;
			remoteGlobalIDString = 8F28F0F52106FBA3009D4CD1;
			remoteInfo = "My Test";
		};
		8F28F1192106FBA7009D4CD1 /* PBXContainerItemProxy */ = {
			isa = PBXContainerItemProxy;
			containerPortal = 8F28F0EE2106FBA3009D4CD1 /* Project object */;
			proxyType = 1;
			remoteGlobalIDString = 8F28F0F52106FBA3009D4CD1;
			remoteInfo = "My Test";
		};
/* End PBXContainerItemProxy section */

/* Begin PBXFileReference section */
		8F28F0F62106FBA3009D4CD1 /* My Test.app */ = {isa = PBXFileReference; explicitFileType = wrapper.application; includeInIndex = 0; path = "My Test.app"; sourceTree = BUILT_PRODUCTS_DIR; };
		8F28F0F92106FBA3009D4CD1 /* AppDelegate.swift */ = {isa = PBXFileReference; lastKnownFileType = sourcecode.swift; path = AppDelegate.swift; sourceTree = "<group>"; };
		8F28F0FB2106FBA3009D4CD1 /* ViewController.swift */ = {isa = PBXFileReference; lastKnownFileType = sourcecode.swift; path = ViewController.swift; sourceTree = "<group>"; };
		8F28F0FE2106FBA3009D4CD1 /* Base */ = {isa = PBXFileReference; lastKnownFileType = file.storyboard; name = Base; path = Base.lproj/Main.storyboard; sourceTree = "<group>"; };
		8F28F1012106FBA3009D4CD1 /* My_Test.xcdatamodel */ = {isa = PBXFileReference; lastKnownFileType = wrapper.xcdatamodel; path = My_Test.xcdatamodel; sourceTree = "<group>"; };
		8F28F1032106FBA7009D4CD1 /* Assets.xcassets */ = {isa = PBXFileReference; lastKnownFileType = folder.assetcatalog; path = Assets.xcassets; sourceTree = "<group>"; };
		8F28F1062106FBA7009D4CD1 /* Base */ = {isa = PBXFileReference; lastKnownFileType = file.storyboard; name = Base; path = Base.lproj/LaunchScreen.storyboard; sourceTree = "<group>"; };
		8F28F1082106FBA7009D4CD1 /* Info.plist */ = {isa = PBXFileReference; lastKnownFileType = text.plist.xml; path = Info.plist; sourceTree = "<group>"; };
		8F28F10D2106FBA7009D4CD1 /* My TestTests.xctest */ = {isa = PBXFileReference; explicitFileType = wrapper.cfbundle; includeInIndex = 0; path = "My TestTests.xctest"; sourceTree = BUILT_PRODUCTS_DIR; };
		8F28F1112106FBA7009D4CD1 /* My_TestTests.swift */ = {isa = PBXFileReference; lastKnownFileType = sourcecode.swift; path = My_TestTests.swift; sourceTree = "<group>"; };
		8F28F1132106FBA7009D4CD1 /* Info.plist */ = {isa = PBXFileReference; lastKnownFileType = text.plist.xml; path = Info.plist; sourceTree = "<group>"; };
		8F28F1182106FBA7009D4CD1 /* My TestUITests.xctest */ = {isa = PBXFileReference; explicitFileType = wrapper.cfbundle; includeInIndex = 0; path = "My TestUITests.xctest"; sourceTree = BUILT_PRODUCTS_DIR; };
		8F28F11C2106FBA7009D4CD1 /* My_TestUITests.swift */ = {isa = PBXFileReference; lastKnownFileType = sourcecode.swift; path = My_TestUITests.swift; sourceTree = "<group>"; };
		8F28F11E2106FBA7009D4CD1 /* Info.plist */ = {isa = PBXFileReference; lastKnownFileType = text.plist.xml; path = Info.plist; sourceTree = "<group>"; };
/* End PBXFileReference section */

/* Begin PBXFrameworksBuildPhase section */
		8F28F0F32106FBA3009D4CD1 /* Frameworks */ = {
			isa = PBXFrameworksBuildPhase;
			buildActionMask = 2147483647;
			files = (
			);
			runOnlyForDeploymentPostprocessing = 0;
		};
		8F28F10A2106FBA7009D4CD1 /* Frameworks */ = {
			isa = PBXFrameworksBuildPhase;
			buildActionMask = 2147483647;
			files = (
			);
			runOnlyForDeploymentPostprocessing = 0;
		};
		8F28F1152106FBA7009D4CD1 /* Frameworks */ = {
			isa = PBXFrameworksBuildPhase;
			buildActionMask = 2147483647;
			files = (
			);
			runOnlyForDeploymentPostprocessing = 0;
		};
/* End PBXFrameworksBuildPhase section */

/* Begin PBXGroup section */
		8F28F0ED2106FBA3009D4CD1 = {
			isa = PBXGroup;
			children = (
				8F28F0F82106FBA3009D4CD1 /* My Test */,
				8F28F1102106FBA7009D4CD1 /* My TestTests */,
				8F28F11B2106FBA7009D4CD1 /* My TestUITests */,
				8F28F0F72106FBA3009D4CD1 /* Products */,
			);
			sourceTree = "<group>";
		};
		8F28F0F72106FBA3009D4CD1 /* Products */ = {
			isa = PBXGroup;
			children = (
				8F28F0F62106FBA3009D4CD1 /* My Test.app */,
				8F28F10D2106FBA7009D4CD1 /* My TestTests.xctest */,
				8F28F1182106FBA7009D4CD1 /* My TestUITests.xctest */,
			);
			name = Products;
			sourceTree = "<group>";
		};
		8F28F0F82106FBA3009D4CD1 /* My Test */ = {
			isa = PBXGroup;
			children = (
				8F28F0F92106FBA3009D4CD1 /* AppDelegate.swift */,
				8F28F0FB2106FBA3009D4CD1 /* ViewController.swift */,
				8F28F0FD2106FBA3009D4CD1 /* Main.storyboard */,
				8F28F1032106FBA7009D4CD1 /* Assets.xcassets */,
				8F28F1052106FBA7009D4CD1 /* LaunchScreen.storyboard */,
				8F28F1082106FBA7009D4CD1 /* Info.plist */,
				8F28F1002106FBA3009D4CD1 /* My_Test.xcdatamodeld */,
			);
			path = "My Test";
			sourceTree = "<group>";
		};
		8F28F1102106FBA7009D4CD1 /* My TestTests */ = {
			isa = PBXGroup;
			children = (
				8F28F1112106FBA7009D4CD1 /* My_TestTests.swift */,
				8F28F1132106FBA7009D4CD1 /* Info.plist */,
			);
			path = "My TestTests";
			sourceTree = "<group>";
		};
		8F28F11B2106FBA7009D4CD1 /* My TestUITests */ = {
			isa = PBXGroup;
			children = (
				8F28F11C2106FBA7009D4CD1 /* My_TestUITests.swift */,
				8F28F11E2106FBA7009D4CD1 /* Info.plist */,
			);
			path = "My TestUITests";
			sourceTree = "<group>";
		};
/* End PBXGroup section */

/* Begin PBXNativeTarget section */
		8F28F0F52106FBA3009D4CD1 /* My Test */ = {
			isa = PBXNativeTarget;
			buildConfigurationList = 8F28F1212106FBA7009D4CD1 /* Build configuration list for PBXNativeTarget "My Test" */;
			buildPhases = (
				8F28F0F22106FBA3009D4CD1 /* Sources */,
				8F28F0F32106FBA3009D4CD1 /* Frameworks */,
				8F28F0F42106FBA3009D4CD1 /* Resources */,
			);
			buildRules = (
			);
			dependencies = (
			);
			name = "My Test";
			productName = "My Test";
			productReference = 8F28F0F62106FBA3009D4CD1 /* My Test.app */;
			productType = "com.apple.product-type.application";
		};
		8F28F10C2106FBA7009D4CD1 /* My TestTests */ = {
			isa = PBXNativeTarget;
			buildConfigurationList = 8F28F1242106FBA7009D4CD1 /* Build configuration list for PBXNativeTarget "My TestTests" */;
			buildPhases = (
				8F28F1092106FBA7009D4CD1 /* Sources */,
				8F28F10A2106FBA7009D4CD1 /* Frameworks */,
				8F28F10B2106FBA7009D4CD1 /* Resources */,
			);
			buildRules = (
			);
			dependencies = (
				8F28F10F2106FBA7009D4CD1 /* PBXTargetDependency */,
			);
			name = "My TestTests";
			productName = "My TestTests";
			productReference = 8F28F10D2106FBA7009D4CD1 /* My TestTests.xctest */;
			productType = "com.apple.product-type.bundle.unit-test";
		};
		8F28F1172106FBA7009D4CD1 /* My TestUITests */ = {
			isa = PBXNativeTarget;
			buildConfigurationList = 8F28F1272106FBA7009D4CD1 /* Build configuration list for PBXNativeTarget "My TestUITests" */;
			buildPhases = (
				8F28F1142106FBA7009D4CD1 /* Sources */,
				8F28F1152106FBA7009D4CD1 /* Frameworks */,
				8F28F1162106FBA7009D4CD1 /* Resources */,
			);
			buildRules = (
			);
			dependencies = (
				8F28F11A2106FBA7009D4CD1 /* PBXTargetDependency */,
			);
			name = "My TestUITests";
			productName = "My TestUITests";
			productReference = 8F28F1182106FBA7009D4CD1 /* My TestUITests.xctest */;
			productType = "com.apple.product-type.bundle.ui-testing";
		};
/* End PBXNativeTarget section */

/* Begin PBXProject section */
		8F28F0EE2106FBA3009D4CD1 /* Project object */ = {
			isa = PBXProject;
			attributes = {
				LastSwiftUpdateCheck = 0940;
				LastUpgradeCheck = 0940;
				ORGANIZATIONNAME = "Dixit, Arun";
				TargetAttributes = {
					8F28F0F52106FBA3009D4CD1 = {
						CreatedOnToolsVersion = 9.4.1;
					};
					8F28F10C2106FBA7009D4CD1 = {
						CreatedOnToolsVersion = 9.4.1;
						TestTargetID = 8F28F0F52106FBA3009D4CD1;
					};
					8F28F1172106FBA7009D4CD1 = {
						CreatedOnToolsVersion = 9.4.1;
						TestTargetID = 8F28F0F52106FBA3009D4CD1;
					};
				};
			};
			buildConfigurationList = 8F28F0F12106FBA3009D4CD1 /* Build configuration list for PBXProject "My Test" */;
			compatibilityVersion = "Xcode 9.3";
			developmentRegion = en;
			hasScannedForEncodings = 0;
			knownRegions = (
				en,
				Base,
			);
			mainGroup = 8F28F0ED2106FBA3009D4CD1;
			productRefGroup = 8F28F0F72106FBA3009D4CD1 /* Products */;
			projectDirPath = "";
			projectRoot = "";
			targets = (
				8F28F0F52106FBA3009D4CD1 /* My Test */,
				8F28F10C2106FBA7009D4CD1 /* My TestTests */,
				8F28F1172106FBA7009D4CD1 /* My TestUITests */,
			);
		};
/* End PBXProject section */

/* Begin PBXResourcesBuildPhase section */
		8F28F0F42106FBA3009D4CD1 /* Resources */ = {
			isa = PBXResourcesBuildPhase;
			buildActionMask = 2147483647;
			files = (
				8F28F1072106FBA7009D4CD1 /* LaunchScreen.storyboard in Resources */,
				8F28F1042106FBA7009D4CD1 /* Assets.xcassets in Resources */,
				8F28F0FF2106FBA3009D4CD1 /* Main.storyboard in Resources */,
			);
			runOnlyForDeploymentPostprocessing = 0;
		};
		8F28F10B2106FBA7009D4CD1 /* Resources */ = {
			isa = PBXResourcesBuildPhase;
			buildActionMask = 2147483647;
			files = (
			);
			runOnlyForDeploymentPostprocessing = 0;
		};
		8F28F1162106FBA7009D4CD1 /* Resources */ = {
			isa = PBXResourcesBuildPhase;
			buildActionMask = 2147483647;
			files = (
			);
			runOnlyForDeploymentPostprocessing = 0;
		};
/* End PBXResourcesBuildPhase section */

/* Begin PBXSourcesBuildPhase section */
		8F28F0F22106FBA3009D4CD1 /* Sources */ = {
			isa = PBXSourcesBuildPhase;
			buildActionMask = 2147483647;
			files = (
				8F28F0FC2106FBA3009D4CD1 /* ViewController.swift in Sources */,
				8F28F0FA2106FBA3009D4CD1 /* AppDelegate.swift in Sources */,
				8F28F1022106FBA3009D4CD1 /* My_Test.xcdatamodeld in Sources */,
			);
			runOnlyForDeploymentPostprocessing = 0;
		};
		8F28F1092106FBA7009D4CD1 /* Sources */ = {
			isa = PBXSourcesBuildPhase;
			buildActionMask = 2147483647;
			files = (
				8F28F1122106FBA7009D4CD1 /* My_TestTests.swift in Sources */,
			);
			runOnlyForDeploymentPostprocessing = 0;
		};
		8F28F1142106FBA7009D4CD1 /* Sources */ = {
			isa = PBXSourcesBuildPhase;
			buildActionMask = 2147483647;
			files = (
				8F28F11D2106FBA7009D4CD1 /* My_TestUITests.swift in Sources */,
			);
			runOnlyForDeploymentPostprocessing = 0;
		};
/* End PBXSourcesBuildPhase section */

/* Begin PBXTargetDependency section */
		8F28F10F2106FBA7009D4CD1 /* PBXTargetDependency */ = {
			isa = PBXTargetDependency;
			target = 8F28F0F52106FBA3009D4CD1 /* My Test */;
			targetProxy = 8F28F10E2106FBA7009D4CD1 /* PBXContainerItemProxy */;
		};
		8F28F11A2106FBA7009D4CD1 /* PBXTargetDependency */ = {
			isa = PBXTargetDependency;
			target = 8F28F0F52106FBA3009D4CD1 /* My Test */;
			targetProxy = 8F28F1192106FBA7009D4CD1 /* PBXContainerItemProxy */;
		};
/* End PBXTargetDependency section */

/* Begin PBXVariantGroup section */
		8F28F0FD2106FBA3009D4CD1 /* Main.storyboard */ = {
			isa = PBXVariantGroup;
			children = (
				8F28F0FE2106FBA3009D4CD1 /* Base */,
			);
			name = Main.storyboard;
			sourceTree = "<group>";
		};
		8F28F1052106FBA7009D4CD1 /* LaunchScreen.storyboard */ = {
			isa = PBXVariantGroup;
			children = (
				8F28F1062106FBA7009D4CD1 /* Base */,
			);
			name = LaunchScreen.storyboard;
			sourceTree = "<group>";
		};
/* End PBXVariantGroup section */

/* Begin XCBuildConfiguration section */
		8F28F11F2106FBA7009D4CD1 /* Debug */ = {
			isa = XCBuildConfiguration;
			buildSettings = {
				ALWAYS_SEARCH_USER_PATHS = NO;
				CLANG_ANALYZER_NONNULL = YES;
				CLANG_ANALYZER_NUMBER_OBJECT_CONVERSION = YES_AGGRESSIVE;
				CLANG_CXX_LANGUAGE_STANDARD = "gnu++14";
				CLANG_CXX_LIBRARY = "libc++";
				CLANG_ENABLE_MODULES = YES;
				CLANG_ENABLE_OBJC_ARC = YES;
				CLANG_ENABLE_OBJC_WEAK = YES;
				CLANG_WARN_BLOCK_CAPTURE_AUTORELEASING = YES;
				CLANG_WARN_BOOL_CONVERSION = YES;
				CLANG_WARN_COMMA = YES;
				CLANG_WARN_CONSTANT_CONVERSION = YES;
				CLANG_WARN_DEPRECATED_OBJC_IMPLEMENTATIONS = YES;
				CLANG_WARN_DIRECT_OBJC_ISA_USAGE = YES_ERROR;
				CLANG_WARN_DOCUMENTATION_COMMENTS = YES;
				CLANG_WARN_EMPTY_BODY = YES;
				CLANG_WARN_ENUM_CONVERSION = YES;
				CLANG_WARN_INFINITE_RECURSION = YES;
				CLANG_WARN_INT_CONVERSION = YES;
				CLANG_WARN_NON_LITERAL_NULL_CONVERSION = YES;
				CLANG_WARN_OBJC_IMPLICIT_RETAIN_SELF = YES;
				CLANG_WARN_OBJC_LITERAL_CONVERSION = YES;
				CLANG_WARN_OBJC_ROOT_CLASS = YES_ERROR;
				CLANG_WARN_RANGE_LOOP_ANALYSIS = YES;
				CLANG_WARN_STRICT_PROTOTYPES = YES;
				CLANG_WARN_SUSPICIOUS_MOVE = YES;
				CLANG_WARN_UNGUARDED_AVAILABILITY = YES_AGGRESSIVE;
				CLANG_WARN_UNREACHABLE_CODE = YES;
				CLANG_WARN__DUPLICATE_METHOD_MATCH = YES;
				CODE_SIGN_IDENTITY = "iPhone Developer";
				COPY_PHASE_STRIP = NO;
				DEBUG_INFORMATION_FORMAT = dwarf;
				ENABLE_STRICT_OBJC_MSGSEND = YES;
				ENABLE_TESTABILITY = YES;
				GCC_C_LANGUAGE_STANDARD = gnu11;
				GCC_DYNAMIC_NO_PIC = NO;
				GCC_NO_COMMON_BLOCKS = YES;
				GCC_OPTIMIZATION_LEVEL = 0;
				GCC_PREPROCESSOR_DEFINITIONS = (
					"DEBUG=1",
					"$(inherited)",
				);
				GCC_WARN_64_TO_32_BIT_CONVERSION = YES;
				GCC_WARN_ABOUT_RETURN_TYPE = YES_ERROR;
				GCC_WARN_UNDECLARED_SELECTOR = YES;
				GCC_WARN_UNINITIALIZED_AUTOS = YES_AGGRESSIVE;
				GCC_WARN_UNUSED_FUNCTION = YES;
				GCC_WARN_UNUSED_VARIABLE = YES;
				IPHONEOS_DEPLOYMENT_TARGET = 11.4;
				MTL_ENABLE_DEBUG_INFO = YES;
				ONLY_ACTIVE_ARCH = YES;
				SDKROOT = iphoneos;
				SWIFT_ACTIVE_COMPILATION_CONDITIONS = DEBUG;
				SWIFT_OPTIMIZATION_LEVEL = "-Onone";
			};
			name = Debug;
		};
		8F28F1202106FBA7009D4CD1 /* Release */ = {
			isa = XCBuildConfiguration;
			buildSettings = {
				ALWAYS_SEARCH_USER_PATHS = NO;
				CLANG_ANALYZER_NONNULL = YES;
				CLANG_ANALYZER_NUMBER_OBJECT_CONVERSION = YES_AGGRESSIVE;
				CLANG_CXX_LANGUAGE_STANDARD = "gnu++14";
				CLANG_CXX_LIBRARY = "libc++";
				CLANG_ENABLE_MODULES = YES;
				CLANG_ENABLE_OBJC_ARC = YES;
				CLANG_ENABLE_OBJC_WEAK = YES;
				CLANG_WARN_BLOCK_CAPTURE_AUTORELEASING = YES;
				CLANG_WARN_BOOL_CONVERSION = YES;
				CLANG_WARN_COMMA = YES;
				CLANG_WARN_CONSTANT_CONVERSION = YES;
				CLANG_WARN_DEPRECATED_OBJC_IMPLEMENTATIONS = YES;
				CLANG_WARN_DIRECT_OBJC_ISA_USAGE = YES_ERROR;
				CLANG_WARN_DOCUMENTATION_COMMENTS = YES;
				CLANG_WARN_EMPTY_BODY = YES;
				CLANG_WARN_ENUM_CONVERSION = YES;
				CLANG_WARN_INFINITE_RECURSION = YES;
				CLANG_WARN_INT_CONVERSION = YES;
				CLANG_WARN_NON_LITERAL_NULL_CONVERSION = YES;
				CLANG_WARN_OBJC_IMPLICIT_RETAIN_SELF = YES;
				CLANG_WARN_OBJC_LITERAL_CONVERSION = YES;
				CLANG_WARN_OBJC_ROOT_CLASS = YES_ERROR;
				CLANG_WARN_RANGE_LOOP_ANALYSIS = YES;
				CLANG_WARN_STRICT_PROTOTYPES = YES;
				CLANG_WARN_SUSPICIOUS_MOVE = YES;
				CLANG_WARN_UNGUARDED_AVAILABILITY = YES_AGGRESSIVE;
				CLANG_WARN_UNREACHABLE_CODE = YES;
				CLANG_WARN__DUPLICATE_METHOD_MATCH = YES;
				CODE_SIGN_IDENTITY = "iPhone Developer";
				COPY_PHASE_STRIP = NO;
				DEBUG_INFORMATION_FORMAT = "dwarf-with-dsym";
				ENABLE_NS_ASSERTIONS = NO;
				ENABLE_STRICT_OBJC_MSGSEND = YES;
				GCC_C_LANGUAGE_STANDARD = gnu11;
				GCC_NO_COMMON_BLOCKS = YES;
				GCC_WARN_64_TO_32_BIT_CONVERSION = YES;
				GCC_WARN_ABOUT_RETURN_TYPE = YES_ERROR;
				GCC_WARN_UNDECLARED_SELECTOR = YES;
				GCC_WARN_UNINITIALIZED_AUTOS = YES_AGGRESSIVE;
				GCC_WARN_UNUSED_FUNCTION = YES;
				GCC_WARN_UNUSED_VARIABLE = YES;
				IPHONEOS_DEPLOYMENT_TARGET = 11.4;
				MTL_ENABLE_DEBUG_INFO = NO;
				SDKROOT = iphoneos;
				SWIFT_COMPILATION_MODE = wholemodule;
				SWIFT_OPTIMIZATION_LEVEL = "-O";
				VALIDATE_PRODUCT = YES;
			};
			name = Release;
		};
		8F28F1222106FBA7009D4CD1 /* Debug */ = {
			isa = XCBuildConfiguration;
			buildSettings = {
				ASSETCATALOG_COMPILER_APPICON_NAME = AppIcon;
				CODE_SIGN_STYLE = Automatic;
				INFOPLIST_FILE = "My Test/Info.plist";
				LD_RUNPATH_SEARCH_PATHS = (
					"$(inherited)",
					"@executable_path/Frameworks",
				);
				PRODUCT_BUNDLE_IDENTIFIER = "com.aaa.test.My-Test";
				PRODUCT_NAME = "$(TARGET_NAME)";
				SWIFT_VERSION = 4.0;
				TARGETED_DEVICE_FAMILY = "1,2";
			};
			name = Debug;
		};
		8F28F1232106FBA7009D4CD1 /* Release */ = {
			isa = XCBuildConfiguration;
			buildSettings = {
				ASSETCATALOG_COMPILER_APPICON_NAME = AppIcon;
				CODE_SIGN_STYLE = Automatic;
				INFOPLIST_FILE = "My Test/Info.plist";
				LD_RUNPATH_SEARCH_PATHS = (
					"$(inherited)",
					"@executable_path/Frameworks",
				);
				PRODUCT_BUNDLE_IDENTIFIER = "com.aaa.test.My-Test";
				PRODUCT_NAME = "$(TARGET_NAME)";
				SWIFT_VERSION = 4.0;
				TARGETED_DEVICE_FAMILY = "1,2";
			};
			name = Release;
		};
		8F28F1252106FBA7009D4CD1 /* Debug */ = {
			isa = XCBuildConfiguration;
			buildSettings = {
				ALWAYS_EMBED_SWIFT_STANDARD_LIBRARIES = YES;
				BUNDLE_LOADER = "$(TEST_HOST)";
				CODE_SIGN_STYLE = Automatic;
				INFOPLIST_FILE = "My TestTests/Info.plist";
				LD_RUNPATH_SEARCH_PATHS = (
					"$(inherited)",
					"@executable_path/Frameworks",
					"@loader_path/Frameworks",
				);
				PRODUCT_BUNDLE_IDENTIFIER = "com.aaa.test.My-TestTests";
				PRODUCT_NAME = "$(TARGET_NAME)";
				SWIFT_VERSION = 4.0;
				TARGETED_DEVICE_FAMILY = "1,2";
				TEST_HOST = "$(BUILT_PRODUCTS_DIR)/My Test.app/My Test";
			};
			name = Debug;
		};
		8F28F1262106FBA7009D4CD1 /* Release */ = {
			isa = XCBuildConfiguration;
			buildSettings = {
				ALWAYS_EMBED_SWIFT_STANDARD_LIBRARIES = YES;
				BUNDLE_LOADER = "$(TEST_HOST)";
				CODE_SIGN_STYLE = Automatic;
				INFOPLIST_FILE = "My TestTests/Info.plist";
				LD_RUNPATH_SEARCH_PATHS = (
					"$(inherited)",
					"@executable_path/Frameworks",
					"@loader_path/Frameworks",
				);
				PRODUCT_BUNDLE_IDENTIFIER = "com.aaa.test.My-TestTests";
				PRODUCT_NAME = "$(TARGET_NAME)";
				SWIFT_VERSION = 4.0;
				TARGETED_DEVICE_FAMILY = "1,2";
				TEST_HOST = "$(BUILT_PRODUCTS_DIR)/My Test.app/My Test";
			};
			name = Release;
		};
		8F28F1282106FBA7009D4CD1 /* Debug */ = {
			isa = XCBuildConfiguration;
			buildSettings = {
				ALWAYS_EMBED_SWIFT_STANDARD_LIBRARIES = YES;
				CODE_SIGN_STYLE = Automatic;
				INFOPLIST_FILE = "My TestUITests/Info.plist";
				LD_RUNPATH_SEARCH_PATHS = (
					"$(inherited)",
					"@executable_path/Frameworks",
					"@loader_path/Frameworks",
				);
				PRODUCT_BUNDLE_IDENTIFIER = "com.aaa.test.My-TestUITests";
				PRODUCT_NAME = "$(TARGET_NAME)";
				SWIFT_VERSION = 4.0;
				TARGETED_DEVICE_FAMILY = "1,2";
				TEST_TARGET_NAME = "My Test";
			};
			name = Debug;
		};
		8F28F1292106FBA7009D4CD1 /* Release */ = {
			isa = XCBuildConfiguration;
			buildSettings = {
				ALWAYS_EMBED_SWIFT_STANDARD_LIBRARIES = YES;
				CODE_SIGN_STYLE = Automatic;
				INFOPLIST_FILE = "My TestUITests/Info.plist";
				LD_RUNPATH_SEARCH_PATHS = (
					"$(inherited)",
					"@executable_path/Frameworks",
					"@loader_path/Frameworks",
				);
				PRODUCT_BUNDLE_IDENTIFIER = "com.aaa.test.My-TestUITests";
				PRODUCT_NAME = "$(TARGET_NAME)";
				SWIFT_VERSION = 4.0;
				TARGETED_DEVICE_FAMILY = "1,2";
				TEST_TARGET_NAME = "My Test";
			};
			name = Release;
		};
/* End XCBuildConfiguration section */

/* Begin XCConfigurationList section */
		8F28F0F12106FBA3009D4CD1 /* Build configuration list for PBXProject "My Test" */ = {
			isa = XCConfigurationList;
			buildConfigurations = (
				8F28F11F2106FBA7009D4CD1 /* Debug */,
				8F28F1202106FBA7009D4CD1 /* Release */,
			);
			defaultConfigurationIsVisible = 0;
			defaultConfigurationName = Release;
		};
		8F28F1212106FBA7009D4CD1 /* Build configuration list for PBXNativeTarget "My Test" */ = {
			isa = XCConfigurationList;
			buildConfigurations = (
				8F28F1222106FBA7009D4CD1 /* Debug */,
				8F28F1232106FBA7009D4CD1 /* Release */,
			);
			defaultConfigurationIsVisible = 0;
			defaultConfigurationName = Release;
		};
		8F28F1242106FBA7009D4CD1 /* Build configuration list for PBXNativeTarget "My TestTests" */ = {
			isa = XCConfigurationList;
			buildConfigurations = (
				8F28F1252106FBA7009D4CD1 /* Debug */,
				8F28F1262106FBA7009D4CD1 /* Release */,
			);
			defaultConfigurationIsVisible = 0;
			defaultConfigurationName = Release;
		};
		8F28F1272106FBA7009D4CD1 /* Build configuration list for PBXNativeTarget "My TestUITests" */ = {
			isa = XCConfigurationList;
			buildConfigurations = (
				8F28F1282106FBA7009D4CD1 /* Debug */,
				8F28F1292106FBA7009D4CD1 /* Release */,
			);
			defaultConfigurationIsVisible = 0;
			defaultConfigurationName = Release;
		};
/* End XCConfigurationList section */

/* Begin XCVersionGroup section */
		8F28F1002106FBA3009D4CD1 /* My_Test.xcdatamodeld */ = {
			isa = XCVersionGroup;
			children = (
				8F28F1012106FBA3009D4CD1 /* My_Test.xcdatamodel */,
			);
			currentVersion = 8F28F1012106FBA3009D4CD1 /* My_Test.xcdatamodel */;
			path = My_Test.xcdatamodeld;
			sourceTree = "<group>";
			versionGroupType = wrapper.xcdatamodel;
		};
/* End XCVersionGroup section */
	};
	rootObject = 8F28F0EE2106FBA3009D4CD1 /* Project object */;
}
